{
  "version": 2,
  "dependencies": {
    "net8.0": {
      "hapticdrive.input.abstractions": {
        "type": "Project"
      },
      "hapticdrive.input.windows": {
        "type": "Project",
        "dependencies": {
          "HapticDrive.Input.Abstractions": "[1.0.0, )"
        }
      },
      "hapticdrive.simagic.phpr.abstractions": {
        "type": "Project",
        "dependencies": {
          "HapticDrive.Input.Abstractions": "[1.0.0, )"
        }
      },
      "hapticdrive.simagic.phpr.output.windows": {
        "type": "Project",
        "dependencies": {
          "HapticDrive.Input.Abstractions": "[1.0.0, )",
          "HapticDrive.Simagic.PHPR.Abstractions": "[1.0.0, )"
        }
      }
    },
    "net8.0/win-x64": {}
  }
}