
Microsoft Visual Studio Solution File, Format Version 12.00
# Visual Studio Version 17
VisualStudioVersion = 17.0.31903.59
MinimumVisualStudioVersion = 10.0.40219.1
Project("{2150E333-8FDC-42A3-9474-1A3956D46DE8}") = "src", "src", "{28E7AAF1-13E9-4EF1-B4F7-2328274433B4}"
EndProject
Project("{FAE04EC0-301F-11D3-BF4B-00C04F79EFBC}") = "HapticDrive.Asio.App", "src\HapticDrive.Asio.App\HapticDrive.Asio.App.csproj", "{A5DC7D1B-6AEC-409B-B323-1112CEC17707}"
EndProject
Project("{FAE04EC0-301F-11D3-BF4B-00C04F79EFBC}") = "HapticDrive.Asio.Core", "src\HapticDrive.Asio.Core\HapticDrive.Asio.Core.csproj", "{57D1456F-45D0-4731-B9BA-F687CF576DE9}"
EndProject
Project("{FAE04EC0-301F-11D3-BF4B-00C04F79EFBC}") = "HapticDrive.Asio.Telemetry.F1_25", "src\HapticDrive.Asio.Telemetry.F1_25\HapticDrive.Asio.Telemetry.F1_25.csproj", "{982E5F3E-C451-47CE-A8DD-EB0FAC3BEFB3}"
EndProject
Project("{FAE04EC0-301F-11D3-BF4B-00C04F79EFBC}") = "HapticDrive.Asio.Audio", "src\HapticDrive.Asio.Audio\HapticDrive.Asio.Audio.csproj", "{71967547-1874-4510-BB63-7C87054317BC}"
EndProject
Project("{FAE04EC0-301F-11D3-BF4B-00C04F79EFBC}") = "HapticDrive.Asio.Recording", "src\HapticDrive.Asio.Recording\HapticDrive.Asio.Recording.csproj", "{2B38E59D-23C2-4DDC-91F8-28F42E021A89}"
EndProject
Project("{2150E333-8FDC-42A3-9474-1A3956D46DE8}") = "tests", "tests", "{8D7BE964-9AEB-4415-A5E2-12A92974D96C}"
EndProject
Project("{FAE04EC0-301F-11D3-BF4B-00C04F79EFBC}") = "HapticDrive.Asio.Core.Tests", "tests\HapticDrive.Asio.Core.Tests\HapticDrive.Asio.Core.Tests.csproj", "{F0B3C002-C651-41C1-8AC4-9E895D8C2EE5}"
EndProject
Project("{FAE04EC0-301F-11D3-BF4B-00C04F79EFBC}") = "HapticDrive.Asio.Telemetry.F1_25.Tests", "tests\HapticDrive.Asio.Telemetry.F1_25.Tests\HapticDrive.Asio.Telemetry.F1_25.Tests.csproj", "{A510F92E-52D6-4701-B37A-3D00E98C162B}"
EndProject
Project("{FAE04EC0-301F-11D3-BF4B-00C04F79EFBC}") = "HapticDrive.Asio.Audio.Tests", "tests\HapticDrive.Asio.Audio.Tests\HapticDrive.Asio.Audio.Tests.csproj", "{B0947E41-FA7C-462B-AA34-BFF4E9967738}"
EndProject
Project("{FAE04EC0-301F-11D3-BF4B-00C04F79EFBC}") = "HapticDrive.Asio.Recording.Tests", "tests\HapticDrive.Asio.Recording.Tests\HapticDrive.Asio.Recording.Tests.csproj", "{3284C99B-30B1-498C-BE6E-AF8F8591B33D}"
EndProject
Project("{FAE04EC0-301F-11D3-BF4B-00C04F79EFBC}") = "HapticDrive.Asio.Runtime", "src\HapticDrive.Asio.Runtime\HapticDrive.Asio.Runtime.csproj", "{A8C72BCA-4591-45A4-BE67-D23EE9E52AF7}"
EndProject
Project("{FAE04EC0-301F-11D3-BF4B-00C04F79EFBC}") = "HapticDrive.Asio.Runtime.Tests", "tests\HapticDrive.Asio.Runtime.Tests\HapticDrive.Asio.Runtime.Tests.csproj", "{15619C42-8C52-4AAA-A1EF-56B978EA80F0}"
EndProject
Project("{FAE04EC0-301F-11D3-BF4B-00C04F79EFBC}") = "HapticDrive.Input.Abstractions", "src\HapticDrive.Input.Abstractions\HapticDrive.Input.Abstractions.csproj", "{367A1F9D-3A6D-4896-B4F7-D9210915BA36}"
EndProject
Project("{FAE04EC0-301F-11D3-BF4B-00C04F79EFBC}") = "HapticDrive.Input.Windows", "src\HapticDrive.Input.Windows\HapticDrive.Input.Windows.csproj", "{5D347A0F-D8DB-405A-95BB-231C7244ABFB}"
EndProject
Project("{FAE04EC0-301F-11D3-BF4B-00C04F79EFBC}") = "HapticDrive.Simagic.PHPR.Abstractions", "src\HapticDrive.Simagic.PHPR.Abstractions\HapticDrive.Simagic.PHPR.Abstractions.csproj", "{0337D93C-A3B3-40C2-8CD4-891723337A33}"
EndProject
Project("{FAE04EC0-301F-11D3-BF4B-00C04F79EFBC}") = "HapticDrive.Input.Tests", "tests\HapticDrive.Input.Tests\HapticDrive.Input.Tests.csproj", "{BAA2F80C-3164-4A0B-88E2-29A0FDB6C597}"
EndProject
Project("{FAE04EC0-301F-11D3-BF4B-00C04F79EFBC}") = "HapticDrive.Simagic.PHPR.Tests", "tests\HapticDrive.Simagic.PHPR.Tests\HapticDrive.Simagic.PHPR.Tests.csproj", "{8C1065F3-6DD5-4CAA-9A1C-73C657A98BBF}"
EndProject
Project("{FAE04EC0-301F-11D3-BF4B-00C04F79EFBC}") = "HapticDrive.Actuation", "src\HapticDrive.Actuation\HapticDrive.Actuation.csproj", "{0488DD31-38D2-42A1-A52A-03462EFA0F48}"
EndProject
Project("{FAE04EC0-301F-11D3-BF4B-00C04F79EFBC}") = "HapticDrive.Actuation.Tests", "tests\HapticDrive.Actuation.Tests\HapticDrive.Actuation.Tests.csproj", "{3137573D-E063-4E4C-A007-CB4C1CE4186A}"
EndProject
Project("{FAE04EC0-301F-11D3-BF4B-00C04F79EFBC}") = "HapticDrive.Simagic.PHPR.Research", "src\HapticDrive.Simagic.PHPR.Research\HapticDrive.Simagic.PHPR.Research.csproj", "{76B216FA-80A2-4EC9-B6B3-8F5CACD4D5F0}"
EndProject
Project("{FAE04EC0-301F-11D3-BF4B-00C04F79EFBC}") = "HapticDrive.Simagic.PHPR.Research.Tests", "tests\HapticDrive.Simagic.PHPR.Research.Tests\HapticDrive.Simagic.PHPR.Research.Tests.csproj", "{6B5A7DF2-F5BC-44E2-AE54-813FEBB15FDE}"
EndProject
Project("{FAE04EC0-301F-11D3-BF4B-00C04F79EFBC}") = "HapticDrive.Simagic.PHPR.Output.Windows", "src\HapticDrive.Simagic.PHPR.Output.Windows\HapticDrive.Simagic.PHPR.Output.Windows.csproj", "{6B62E2EA-DF16-436B-A91C-39FEEFD3C5EE}"
EndProject
Project("{FAE04EC0-301F-11D3-BF4B-00C04F79EFBC}") = "HapticDrive.Asio.App.Tests", "tests\HapticDrive.Asio.App.Tests\HapticDrive.Asio.App.Tests.csproj", "{06CCAFD1-C498-41D6-B050-9BCE685585B1}"
EndProject
Global
	GlobalSection(SolutionConfigurationPlatforms) = preSolution
		Debug|Any CPU = Debug|Any CPU
		Release|Any CPU = Release|Any CPU
	EndGlobalSection
	GlobalSection(SolutionProperties) = preSolution
		HideSolutionNode = FALSE
	EndGlobalSection
	GlobalSection(ProjectConfigurationPlatforms) = postSolution
		{A5DC7D1B-6AEC-409B-B323-1112CEC17707}.Debug|Any CPU.ActiveCfg = Debug|Any CPU
		{A5DC7D1B-6AEC-409B-B323-1112CEC17707}.Debug|Any CPU.Build.0 = Debug|Any CPU
		{A5DC7D1B-6AEC-409B-B323-1112CEC17707}.Release|Any CPU.ActiveCfg = Release|Any CPU
		{A5DC7D1B-6AEC-409B-B323-1112CEC17707}.Release|Any CPU.Build.0 = Release|Any CPU
		{57D1456F-45D0-4731-B9BA-F687CF576DE9}.Debug|Any CPU.ActiveCfg = Debug|Any CPU
		{57D1456F-45D0-4731-B9BA-F687CF576DE9}.Debug|Any CPU.Build.0 = Debug|Any CPU
		{57D1456F-45D0-4731-B9BA-F687CF576DE9}.Release|Any CPU.ActiveCfg = Release|Any CPU
		{57D1456F-45D0-4731-B9BA-F687CF576DE9}.Release|Any CPU.Build.0 = Release|Any CPU
		{982E5F3E-C451-47CE-A8DD-EB0FAC3BEFB3}.Debug|Any CPU.ActiveCfg = Debug|Any CPU
		{982E5F3E-C451-47CE-A8DD-EB0FAC3BEFB3}.Debug|Any CPU.Build.0 = Debug|Any CPU
		{982E5F3E-C451-47CE-A8DD-EB0FAC3BEFB3}.Release|Any CPU.ActiveCfg = Release|Any CPU
		{982E5F3E-C451-47CE-A8DD-EB0FAC3BEFB3}.Release|Any CPU.Build.0 = Release|Any CPU
		{71967547-1874-4510-BB63-7C87054317BC}.Debug|Any CPU.ActiveCfg = Debug|Any CPU
		{71967547-1874-4510-BB63-7C87054317BC}.Debug|Any CPU.Build.0 = Debug|Any CPU
		{71967547-1874-4510-BB63-7C87054317BC}.Release|Any CPU.ActiveCfg = Release|Any CPU
		{71967547-1874-4510-BB63-7C87054317BC}.Release|Any CPU.Build.0 = Release|Any CPU
		{2B38E59D-23C2-4DDC-91F8-28F42E021A89}.Debug|Any CPU.ActiveCfg = Debug|Any CPU
		{2B38E59D-23C2-4DDC-91F8-28F42E021A89}.Debug|Any CPU.Build.0 = Debug|Any CPU
		{2B38E59D-23C2-4DDC-91F8-28F42E021A89}.Release|Any CPU.ActiveCfg = Release|Any CPU
		{2B38E59D-23C2-4DDC-91F8-28F42E021A89}.Release|Any CPU.Build.0 = Release|Any CPU
		{F0B3C002-C651-41C1-8AC4-9E895D8C2EE5}.Debug|Any CPU.ActiveCfg = Debug|Any CPU
		{F0B3C002-C651-41C1-8AC4-9E895D8C2EE5}.Debug|Any CPU.Build.0 = Debug|Any CPU
		{F0B3C002-C651-41C1-8AC4-9E895D8C2EE5}.Release|Any CPU.ActiveCfg = Release|Any CPU
		{F0B3C002-C651-41C1-8AC4-9E895D8C2EE5}.Release|Any CPU.Build.0 = Release|Any CPU
		{A510F92E-52D6-4701-B37A-3D00E98C162B}.Debug|Any CPU.ActiveCfg = Debug|Any CPU
		{A510F92E-52D6-4701-B37A-3D00E98C162B}.Debug|Any CPU.Build.0 = Debug|Any CPU
		{A510F92E-52D6-4701-B37A-3D00E98C162B}.Release|Any CPU.ActiveCfg = Release|Any CPU
		{A510F92E-52D6-4701-B37A-3D00E98C162B}.Release|Any CPU.Build.0 = Release|Any CPU
		{B0947E41-FA7C-462B-AA34-BFF4E9967738}.Debug|Any CPU.ActiveCfg = Debug|Any CPU
		{B0947E41-FA7C-462B-AA34-BFF4E9967738}.Debug|Any CPU.Build.0 = Debug|Any CPU
		{B0947E41-FA7C-462B-AA34-BFF4E9967738}.Release|Any CPU.ActiveCfg = Release|Any CPU
		{B0947E41-FA7C-462B-AA34-BFF4E9967738}.Release|Any CPU.Build.0 = Release|Any CPU
		{3284C99B-30B1-498C-BE6E-AF8F8591B33D}.Debug|Any CPU.ActiveCfg = Debug|Any CPU
		{3284C99B-30B1-498C-BE6E-AF8F8591B33D}.Debug|Any CPU.Build.0 = Debug|Any CPU
		{3284C99B-30B1-498C-BE6E-AF8F8591B33D}.Release|Any CPU.ActiveCfg = Release|Any CPU
		{3284C99B-30B1-498C-BE6E-AF8F8591B33D}.Release|Any CPU.Build.0 = Release|Any CPU
		{A8C72BCA-4591-45A4-BE67-D23EE9E52AF7}.Debug|Any CPU.ActiveCfg = Debug|Any CPU
		{A8C72BCA-4591-45A4-BE67-D23EE9E52AF7}.Debug|Any CPU.Build.0 = Debug|Any CPU
		{A8C72BCA-4591-45A4-BE67-D23EE9E52AF7}.Release|Any CPU.ActiveCfg = Release|Any CPU
		{A8C72BCA-4591-45A4-BE67-D23EE9E52AF7}.Release|Any CPU.Build.0 = Release|Any CPU
		{15619C42-8C52-4AAA-A1EF-56B978EA80F0}.Debug|Any CPU.ActiveCfg = Debug|Any CPU
		{15619C42-8C52-4AAA-A1EF-56B978EA80F0}.Debug|Any CPU.Build.0 = Debug|Any CPU
		{15619C42-8C52-4AAA-A1EF-56B978EA80F0}.Release|Any CPU.ActiveCfg = Release|Any CPU
		{15619C42-8C52-4AAA-A1EF-56B978EA80F0}.Release|Any CPU.Build.0 = Release|Any CPU
		{367A1F9D-3A6D-4896-B4F7-D9210915BA36}.Debug|Any CPU.ActiveCfg = Debug|Any CPU
		{367A1F9D-3A6D-4896-B4F7-D9210915BA36}.Debug|Any CPU.Build.0 = Debug|Any CPU
		{367A1F9D-3A6D-4896-B4F7-D9210915BA36}.Release|Any CPU.ActiveCfg = Release|Any CPU
		{367A1F9D-3A6D-4896-B4F7-D9210915BA36}.Release|Any CPU.Build.0 = Release|Any CPU
		{5D347A0F-D8DB-405A-95BB-231C7244ABFB}.Debug|Any CPU.ActiveCfg = Debug|Any CPU
		{5D347A0F-D8DB-405A-95BB-231C7244ABFB}.Debug|Any CPU.Build.0 = Debug|Any CPU
		{5D347A0F-D8DB-405A-95BB-231C7244ABFB}.Release|Any CPU.ActiveCfg = Release|Any CPU
		{5D347A0F-D8DB-405A-95BB-231C7244ABFB}.Release|Any CPU.Build.0 = Release|Any CPU
		{0337D93C-A3B3-40C2-8CD4-891723337A33}.Debug|Any CPU.ActiveCfg = Debug|Any CPU
		{0337D93C-A3B3-40C2-8CD4-891723337A33}.Debug|Any CPU.Build.0 = Debug|Any CPU
		{0337D93C-A3B3-40C2-8CD4-891723337A33}.Release|Any CPU.ActiveCfg = Release|Any CPU
		{0337D93C-A3B3-40C2-8CD4-891723337A33}.Release|Any CPU.Build.0 = Release|Any CPU
		{BAA2F80C-3164-4A0B-88E2-29A0FDB6C597}.Debug|Any CPU.ActiveCfg = Debug|Any CPU
		{BAA2F80C-3164-4A0B-88E2-29A0FDB6C597}.Debug|Any CPU.Build.0 = Debug|Any CPU
		{BAA2F80C-3164-4A0B-88E2-29A0FDB6C597}.Release|Any CPU.ActiveCfg = Release|Any CPU
		{BAA2F80C-3164-4A0B-88E2-29A0FDB6C597}.Release|Any CPU.Build.0 = Release|Any CPU
		{8C1065F3-6DD5-4CAA-9A1C-73C657A98BBF}.Debug|Any CPU.ActiveCfg = Debug|Any CPU
		{8C1065F3-6DD5-4CAA-9A1C-73C657A98BBF}.Debug|Any CPU.Build.0 = Debug|Any CPU
		{8C1065F3-6DD5-4CAA-9A1C-73C657A98BBF}.Release|Any CPU.ActiveCfg = Release|Any CPU
		{8C1065F3-6DD5-4CAA-9A1C-73C657A98BBF}.Release|Any CPU.Build.0 = Release|Any CPU
		{0488DD31-38D2-42A1-A52A-03462EFA0F48}.Debug|Any CPU.ActiveCfg = Debug|Any CPU
		{0488DD31-38D2-42A1-A52A-03462EFA0F48}.Debug|Any CPU.Build.0 = Debug|Any CPU
		{0488DD31-38D2-42A1-A52A-03462EFA0F48}.Release|Any CPU.ActiveCfg = Release|Any CPU
		{0488DD31-38D2-42A1-A52A-03462EFA0F48}.Release|Any CPU.Build.0 = Release|Any CPU
		{3137573D-E063-4E4C-A007-CB4C1CE4186A}.Debug|Any CPU.ActiveCfg = Debug|Any CPU
		{3137573D-E063-4E4C-A007-CB4C1CE4186A}.Debug|Any CPU.Build.0 = Debug|Any CPU
		{3137573D-E063-4E4C-A007-CB4C1CE4186A}.Release|Any CPU.ActiveCfg = Release|Any CPU
		{3137573D-E063-4E4C-A007-CB4C1CE4186A}.Release|Any CPU.Build.0 = Release|Any CPU
		{76B216FA-80A2-4EC9-B6B3-8F5CACD4D5F0}.Debug|Any CPU.ActiveCfg = Debug|Any CPU
		{76B216FA-80A2-4EC9-B6B3-8F5CACD4D5F0}.Debug|Any CPU.Build.0 = Debug|Any CPU
		{76B216FA-80A2-4EC9-B6B3-8F5CACD4D5F0}.Release|Any CPU.ActiveCfg = Release|Any CPU
		{76B216FA-80A2-4EC9-B6B3-8F5CACD4D5F0}.Release|Any CPU.Build.0 = Release|Any CPU
		{6B5A7DF2-F5BC-44E2-AE54-813FEBB15FDE}.Debug|Any CPU.ActiveCfg = Debug|Any CPU
		{6B5A7DF2-F5BC-44E2-AE54-813FEBB15FDE}.Debug|Any CPU.Build.0 = Debug|Any CPU
		{6B5A7DF2-F5BC-44E2-AE54-813FEBB15FDE}.Release|Any CPU.ActiveCfg = Release|Any CPU
		{6B5A7DF2-F5BC-44E2-AE54-813FEBB15FDE}.Release|Any CPU.Build.0 = Release|Any CPU
		{6B62E2EA-DF16-436B-A91C-39FEEFD3C5EE}.Debug|Any CPU.ActiveCfg = Debug|Any CPU
		{6B62E2EA-DF16-436B-A91C-39FEEFD3C5EE}.Debug|Any CPU.Build.0 = Debug|Any CPU
		{6B62E2EA-DF16-436B-A91C-39FEEFD3C5EE}.Release|Any CPU.ActiveCfg = Release|Any CPU
		{6B62E2EA-DF16-436B-A91C-39FEEFD3C5EE}.Release|Any CPU.Build.0 = Release|Any CPU
		{06CCAFD1-C498-41D6-B050-9BCE685585B1}.Debug|Any CPU.ActiveCfg = Debug|Any CPU
		{06CCAFD1-C498-41D6-B050-9BCE685585B1}.Debug|Any CPU.Build.0 = Debug|Any CPU
		{06CCAFD1-C498-41D6-B050-9BCE685585B1}.Release|Any CPU.ActiveCfg = Release|Any CPU
		{06CCAFD1-C498-41D6-B050-9BCE685585B1}.Release|Any CPU.Build.0 = Release|Any CPU
	EndGlobalSection
	GlobalSection(NestedProjects) = preSolution
		{A5DC7D1B-6AEC-409B-B323-1112CEC17707} = {28E7AAF1-13E9-4EF1-B4F7-2328274433B4}
		{57D1456F-45D0-4731-B9BA-F687CF576DE9} = {28E7AAF1-13E9-4EF1-B4F7-2328274433B4}
		{982E5F3E-C451-47CE-A8DD-EB0FAC3BEFB3} = {28E7AAF1-13E9-4EF1-B4F7-2328274433B4}
		{71967547-1874-4510-BB63-7C87054317BC} = {28E7AAF1-13E9-4EF1-B4F7-2328274433B4}
		{2B38E59D-23C2-4DDC-91F8-28F42E021A89} = {28E7AAF1-13E9-4EF1-B4F7-2328274433B4}
		{F0B3C002-C651-41C1-8AC4-9E895D8C2EE5} = {8D7BE964-9AEB-4415-A5E2-12A92974D96C}
		{A510F92E-52D6-4701-B37A-3D00E98C162B} = {8D7BE964-9AEB-4415-A5E2-12A92974D96C}
		{B0947E41-FA7C-462B-AA34-BFF4E9967738} = {8D7BE964-9AEB-4415-A5E2-12A92974D96C}
		{3284C99B-30B1-498C-BE6E-AF8F8591B33D} = {8D7BE964-9AEB-4415-A5E2-12A92974D96C}
		{A8C72BCA-4591-45A4-BE67-D23EE9E52AF7} = {28E7AAF1-13E9-4EF1-B4F7-2328274433B4}
		{15619C42-8C52-4AAA-A1EF-56B978EA80F0} = {8D7BE964-9AEB-4415-A5E2-12A92974D96C}
		{367A1F9D-3A6D-4896-B4F7-D9210915BA36} = {28E7AAF1-13E9-4EF1-B4F7-2328274433B4}
		{5D347A0F-D8DB-405A-95BB-231C7244ABFB} = {28E7AAF1-13E9-4EF1-B4F7-2328274433B4}
		{0337D93C-A3B3-40C2-8CD4-891723337A33} = {28E7AAF1-13E9-4EF1-B4F7-2328274433B4}
		{BAA2F80C-3164-4A0B-88E2-29A0FDB6C597} = {8D7BE964-9AEB-4415-A5E2-12A92974D96C}
		{8C1065F3-6DD5-4CAA-9A1C-73C657A98BBF} = {8D7BE964-9AEB-4415-A5E2-12A92974D96C}
		{0488DD31-38D2-42A1-A52A-03462EFA0F48} = {28E7AAF1-13E9-4EF1-B4F7-2328274433B4}
		{3137573D-E063-4E4C-A007-CB4C1CE4186A} = {8D7BE964-9AEB-4415-A5E2-12A92974D96C}
		{76B216FA-80A2-4EC9-B6B3-8F5CACD4D5F0} = {28E7AAF1-13E9-4EF1-B4F7-2328274433B4}
		{6B5A7DF2-F5BC-44E2-AE54-813FEBB15FDE} = {8D7BE964-9AEB-4415-A5E2-12A92974D96C}
		{6B62E2EA-DF16-436B-A91C-39FEEFD3C5EE} = {28E7AAF1-13E9-4EF1-B4F7-2328274433B4}
		{06CCAFD1-C498-41D6-B050-9BCE685585B1} = {8D7BE964-9AEB-4415-A5E2-12A92974D96C}
	EndGlobalSection
EndGlobal
